
Microsoft Visual Studio Solution File, Format Version 12.00
# Visual Studio Version 16
VisualStudioVersion = 16.0.30503.244
MinimumVisualStudioVersion = 10.0.40219.1
Project("{FAE04EC0-301F-11D3-BF4B-00C04F79EFBC}") = "Hello World", "Hello World\Hello World.csproj", "{0B07023C-F4DC-4194-8B2F-7F1A37DEB719}"
EndProject
Global
	GlobalSection(SolutionConfigurationPlatforms) = preSolution
		Debug|Any CPU = Debug|Any CPU
		Release|Any CPU = Release|Any CPU
	EndGlobalSection
	GlobalSection(ProjectConfigurationPlatforms) = postSolution
		{0B07023C-F4DC-4194-8B2F-7F1A37DEB719}.Debug|Any CPU.ActiveCfg = Debug|Any CPU
		{0B07023C-F4DC-4194-8B2F-7F1A37DEB719}.Debug|Any CPU.Build.0 = Debug|Any CPU
		{0B07023C-F4DC-4194-8B2F-7F1A37DEB719}.Release|Any CPU.ActiveCfg = Release|Any CPU
		{0B07023C-F4DC-4194-8B2F-7F1A37DEB719}.Release|Any CPU.Build.0 = Release|Any CPU
	EndGlobalSection
	GlobalSection(SolutionProperties) = preSolution
		HideSolutionNode = FALSE
	EndGlobalSection
	GlobalSection(ExtensibilityGlobals) = postSolution
		SolutionGuid = {ECFDD171-AB3C-49AA-B47A-D66A02CC34FA}
	EndGlobalSection
EndGlobal
